{
  "name": "guardian",
  "version": "1.0.0",
  "lockfileVersion": 3,
  "requires": true,
  "packages": {
    "": {
      "name": "guardian",
      "version": "1.0.0",
      "license": "ISC",
      "dependencies": {
        "@carbon/web-components": "^2.11.1"
      }
    },
    "node_modules/@babel/runtime": {
      "version": "7.25.0",
      "resolved": "https://registry.npmjs.org/@babel/runtime/-/runtime-7.25.0.tgz",
      "integrity": "sha512-7dRy4DwXwtzBrPbZflqxnvfxLF8kdZXPkhymtDeFoFqE6ldzjQFgYTtYIFARcLEYDrqfBfYcZt1WqFxRoyC9Rw==",
      "license": "MIT",
      "dependencies": {
        "regenerator-runtime": "^0.14.0"
      },
      "engines": {
        "node": ">=6.9.0"
      }
    },
    "node_modules/@carbon/colors": {
      "version": "11.24.0",
      "resolved": "https://registry.npmjs.org/@carbon/colors/-/colors-11.24.0.tgz",
      "integrity": "sha512-yeLXQ0xs3T/rKvg7od+AvGs1jyQuRqbpZE0gPYFvFdNtiFJ81ZiYz9mE/yiuBU6c4+DdqQlmH6bU7WloKHMX8A==",
      "hasInstallScript": true,
      "license": "Apache-2.0",
      "dependencies": {
        "@ibm/telemetry-js": "^1.5.0"
      }
    },
    "node_modules/@carbon/feature-flags": {
      "version": "0.20.0",
      "resolved": "https://registry.npmjs.org/@carbon/feature-flags/-/feature-flags-0.20.0.tgz",
      "integrity": "sha512-OEYrazJa0nEEHbBDyarXIz6kjWgqsJggjbNAcVOxx0Nvma1nZBd+SwXKwdbMkBZagSSC816dV12oZJtr+GIZZg==",
      "hasInstallScript": true,
      "license": "Apache-2.0",
      "dependencies": {
        "@ibm/telemetry-js": "^1.5.0"
      }
    },
    "node_modules/@carbon/grid": {
      "version": "11.25.0",
      "resolved": "https://registry.npmjs.org/@carbon/grid/-/grid-11.25.0.tgz",
      "integrity": "sha512-9iqrdZk7Jdw6cVyRUaUaAa7WFZw/mNu5c5Q0pCQAUk2XpTzCCnbFCcgq71SsaGmiygRQGDQGFFLRijVwzwAS6Q==",
      "hasInstallScript": true,
      "license": "Apache-2.0",
      "dependencies": {
        "@carbon/layout": "^11.24.0",
        "@ibm/telemetry-js": "^1.5.0"
      }
    },
    "node_modules/@carbon/ibm-products-styles": {
      "version": "2.42.0",
      "resolved": "https://registry.npmjs.org/@carbon/ibm-products-styles/-/ibm-products-styles-2.42.0.tgz",
      "integrity": "sha512-m+rjqjYlQOZhdliCIZsSH69cxMIGutqc0fMgWEjbLEGCfH/NgR2PPiMnSZZ8zRoJCc3ZZQoSCTF7sUgBe015Nw==",
      "hasInstallScript": true,
      "license": "Apache-2.0",
      "dependencies": {
        "@ibm/telemetry-js": "^1.5.0"
      },
      "peerDependencies": {
        "@carbon/grid": "^11.22.0",
        "@carbon/layout": "^11.21.0",
        "@carbon/motion": "^11.17.0",
        "@carbon/themes": "^11.37.1",
        "@carbon/type": "^11.26.0"
      }
    },
    "node_modules/@carbon/layout": {
      "version": "11.24.0",
      "resolved": "https://registry.npmjs.org/@carbon/layout/-/layout-11.24.0.tgz",
      "integrity": "sha512-xS23hIMZNYdhwh2v5b5ylE9lPjrIJlHRdw1gaA+m+YLLDAy/rlr6tGX79fJeLH3Mk1p8PfYDVq3HmWYCNcjh1w==",
      "hasInstallScript": true,
      "license": "Apache-2.0",
      "dependencies": {
        "@ibm/telemetry-js": "^1.5.0"
      }
    },
    "node_modules/@carbon/motion": {
      "version": "11.20.0",
      "resolved": "https://registry.npmjs.org/@carbon/motion/-/motion-11.20.0.tgz",
      "integrity": "sha512-8E4sqHQpinV/HVCei4vmHLgCTg+rThfSPL2eZ0CgtcK1iQd1rrz3CYSC2kc00lngYOcBf34+oBRNjksf3zoPUg==",
      "hasInstallScript": true,
      "license": "Apache-2.0",
      "dependencies": {
        "@ibm/telemetry-js": "^1.5.0"
      }
    },
    "node_modules/@carbon/styles": {
      "version": "1.61.0",
      "resolved": "https://registry.npmjs.org/@carbon/styles/-/styles-1.61.0.tgz",
      "integrity": "sha512-9FPbAm7SySP8ktTMX+y8rW0/uSLV2n47E2vKAoAPN+CXIPMVkqZM/Ns/+UVuiBHjhTsVqKe4zEVCKAw25BqdRw==",
      "hasInstallScript": true,
      "license": "Apache-2.0",
      "dependencies": {
        "@carbon/colors": "^11.23.0",
        "@carbon/feature-flags": "^0.20.0",
        "@carbon/grid": "^11.24.0",
        "@carbon/layout": "^11.23.0",
        "@carbon/motion": "^11.19.0",
        "@carbon/themes": "^11.37.0",
        "@carbon/type": "^11.28.0",
        "@ibm/plex": "6.0.0-next.6",
        "@ibm/telemetry-js": "^1.5.0"
      },
      "peerDependencies": {
        "sass": "^1.33.0"
      },
      "peerDependenciesMeta": {
        "sass": {
          "optional": true
        }
      }
    },
    "node_modules/@carbon/themes": {
      "version": "11.38.0",
      "resolved": "https://registry.npmjs.org/@carbon/themes/-/themes-11.38.0.tgz",
      "integrity": "sha512-1xR1fBUHYHF/zRbDJ+4Ufqsasklx0ZQiN8y4HX6SgyeyZZ/xvtQ8he588M5jqhDFi+hmSR5tfeN9KGELsvQNFg==",
      "hasInstallScript": true,
      "license": "Apache-2.0",
      "dependencies": {
        "@carbon/colors": "^11.24.0",
        "@carbon/layout": "^11.24.0",
        "@carbon/type": "^11.29.0",
        "@ibm/telemetry-js": "^1.5.0",
        "color": "^4.0.0"
      }
    },
    "node_modules/@carbon/type": {
      "version": "11.29.0",
      "resolved": "https://registry.npmjs.org/@carbon/type/-/type-11.29.0.tgz",
      "integrity": "sha512-zGbSTSkHs/ShZvHSQRVP84bS7eHdCxepRyOeItBGvdnxtVwsidci34ItoypC90eUPjvEoAV1A5dw/8e7eLyZxQ==",
      "hasInstallScript": true,
      "license": "Apache-2.0",
      "dependencies": {
        "@carbon/grid": "^11.25.0",
        "@carbon/layout": "^11.24.0",
        "@ibm/telemetry-js": "^1.5.0"
      }
    },
    "node_modules/@carbon/web-components": {
      "version": "2.11.1",
      "resolved": "https://registry.npmjs.org/@carbon/web-components/-/web-components-2.11.1.tgz",
      "integrity": "sha512-5twDoLe8xoDJXDIRgly9UaJSPhfMTHyMf2/bbA9od7Quh+uVKjPuSq++wJxTKJE9aswVRevTOsQk/XMsWjBVCQ==",
      "hasInstallScript": true,
      "license": "Apache-2.0",
      "dependencies": {
        "@babel/runtime": "^7.16.3",
        "@carbon/ibm-products-styles": "^2.30.1",
        "@carbon/styles": "1.61.0",
        "@floating-ui/dom": "^1.6.3",
        "@ibm/telemetry-js": "^1.5.0",
        "flatpickr": "4.6.13",
        "lit": "^2.7.6",
        "lodash-es": "^4.17.21"
      }
    },
    "node_modules/@floating-ui/core": {
      "version": "1.6.7",
      "resolved": "https://registry.npmjs.org/@floating-ui/core/-/core-1.6.7.tgz",
      "integrity": "sha512-yDzVT/Lm101nQ5TCVeK65LtdN7Tj4Qpr9RTXJ2vPFLqtLxwOrpoxAHAJI8J3yYWUc40J0BDBheaitK5SJmno2g==",
      "license": "MIT",
      "dependencies": {
        "@floating-ui/utils": "^0.2.7"
      }
    },
    "node_modules/@floating-ui/dom": {
      "version": "1.6.10",
      "resolved": "https://registry.npmjs.org/@floating-ui/dom/-/dom-1.6.10.tgz",
      "integrity": "sha512-fskgCFv8J8OamCmyun8MfjB1Olfn+uZKjOKZ0vhYF3gRmEUXcGOjxWL8bBr7i4kIuPZ2KD2S3EUIOxnjC8kl2A==",
      "license": "MIT",
      "dependencies": {
        "@floating-ui/core": "^1.6.0",
        "@floating-ui/utils": "^0.2.7"
      }
    },
    "node_modules/@floating-ui/utils": {
      "version": "0.2.7",
      "resolved": "https://registry.npmjs.org/@floating-ui/utils/-/utils-0.2.7.tgz",
      "integrity": "sha512-X8R8Oj771YRl/w+c1HqAC1szL8zWQRwFvgDwT129k9ACdBoud/+/rX9V0qiMl6LWUdP9voC2nDVZYPMQQsb6eA==",
      "license": "MIT"
    },
    "node_modules/@ibm/plex": {
      "version": "6.0.0-next.6",
      "resolved": "https://registry.npmjs.org/@ibm/plex/-/plex-6.0.0-next.6.tgz",
      "integrity": "sha512-B3uGruTn2rS5gweynLmfSe7yCawSRsJguJJQHVQiqf4rh2RNgJFu8YLE2Zd/JHV0ZXoVMOslcXP2k3hMkxKEyA==",
      "license": "OFL-1.1",
      "engines": {
        "node": ">=14"
      }
    },
    "node_modules/@ibm/telemetry-js": {
      "version": "1.6.0",
      "resolved": "https://registry.npmjs.org/@ibm/telemetry-js/-/telemetry-js-1.6.0.tgz",
      "integrity": "sha512-XXdsXhoZwKaJ1/24w/uCqx/YeDQeTu8SAl+7bHQxn62yiFUQ6/D20HhpQVdlG9/Jpv3nYJHFiDH0vGkQbXNFWg==",
      "license": "Apache-2.0",
      "bin": {
        "ibmtelemetry": "dist/collect.js"
      }
    },
    "node_modules/@lit-labs/ssr-dom-shim": {
      "version": "1.2.1",
      "resolved": "https://registry.npmjs.org/@lit-labs/ssr-dom-shim/-/ssr-dom-shim-1.2.1.tgz",
      "integrity": "sha512-wx4aBmgeGvFmOKucFKY+8VFJSYZxs9poN3SDNQFF6lT6NrQUnHiPB2PWz2sc4ieEcAaYYzN+1uWahEeTq2aRIQ==",
      "license": "BSD-3-Clause"
    },
    "node_modules/@lit/reactive-element": {
      "version": "1.6.3",
      "resolved": "https://registry.npmjs.org/@lit/reactive-element/-/reactive-element-1.6.3.tgz",
      "integrity": "sha512-QuTgnG52Poic7uM1AN5yJ09QMe0O28e10XzSvWDz02TJiiKee4stsiownEIadWm8nYzyDAyT+gKzUoZmiWQtsQ==",
      "license": "BSD-3-Clause",
      "dependencies": {
        "@lit-labs/ssr-dom-shim": "^1.0.0"
      }
    },
    "node_modules/@types/trusted-types": {
      "version": "2.0.7",
      "resolved": "https://registry.npmjs.org/@types/trusted-types/-/trusted-types-2.0.7.tgz",
      "integrity": "sha512-ScaPdn1dQczgbl0QFTeTOmVHFULt394XJgOQNoyVhZ6r2vLnMLJfBPd53SB52T/3G36VI1/g2MZaX0cwDuXsfw==",
      "license": "MIT"
    },
    "node_modules/color": {
      "version": "4.2.3",
      "resolved": "https://registry.npmjs.org/color/-/color-4.2.3.tgz",
      "integrity": "sha512-1rXeuUUiGGrykh+CeBdu5Ie7OJwinCgQY0bc7GCRxy5xVHy+moaqkpL/jqQq0MtQOeYcrqEz4abc5f0KtU7W4A==",
      "license": "MIT",
      "dependencies": {
        "color-convert": "^2.0.1",
        "color-string": "^1.9.0"
      },
      "engines": {
        "node": ">=12.5.0"
      }
    },
    "node_modules/color-convert": {
      "version": "2.0.1",
      "resolved": "https://registry.npmjs.org/color-convert/-/color-convert-2.0.1.tgz",
      "integrity": "sha512-RRECPsj7iu/xb5oKYcsFHSppFNnsj/52OVTRKb4zP5onXwVF3zVmmToNcOfGC+CRDpfK/U584fMg38ZHCaElKQ==",
      "license": "MIT",
      "dependencies": {
        "color-name": "~1.1.4"
      },
      "engines": {
        "node": ">=7.0.0"
      }
    },
    "node_modules/color-name": {
      "version": "1.1.4",
      "resolved": "https://registry.npmjs.org/color-name/-/color-name-1.1.4.tgz",
      "integrity": "sha512-dOy+3AuW3a2wNbZHIuMZpTcgjGuLU/uBL/ubcZF9OXbDo8ff4O8yVp5Bf0efS8uEoYo5q4Fx7dY9OgQGXgAsQA==",
      "license": "MIT"
    },
    "node_modules/color-string": {
      "version": "1.9.1",
      "resolved": "https://registry.npmjs.org/color-string/-/color-string-1.9.1.tgz",
      "integrity": "sha512-shrVawQFojnZv6xM40anx4CkoDP+fZsw/ZerEMsW/pyzsRbElpsL/DBVW7q3ExxwusdNXI3lXpuhEZkzs8p5Eg==",
      "license": "MIT",
      "dependencies": {
        "color-name": "^1.0.0",
        "simple-swizzle": "^0.2.2"
      }
    },
    "node_modules/flatpickr": {
      "version": "4.6.13",
      "resolved": "https://registry.npmjs.org/flatpickr/-/flatpickr-4.6.13.tgz",
      "integrity": "sha512-97PMG/aywoYpB4IvbvUJi0RQi8vearvU0oov1WW3k0WZPBMrTQVqekSX5CjSG/M4Q3i6A/0FKXC7RyAoAUUSPw==",
      "license": "MIT"
    },
    "node_modules/is-arrayish": {
      "version": "0.3.2",
      "resolved": "https://registry.npmjs.org/is-arrayish/-/is-arrayish-0.3.2.tgz",
      "integrity": "sha512-eVRqCvVlZbuw3GrM63ovNSNAeA1K16kaR/LRY/92w0zxQ5/1YzwblUX652i4Xs9RwAGjW9d9y6X88t8OaAJfWQ==",
      "license": "MIT"
    },
    "node_modules/lit": {
      "version": "2.8.0",
      "resolved": "https://registry.npmjs.org/lit/-/lit-2.8.0.tgz",
      "integrity": "sha512-4Sc3OFX9QHOJaHbmTMk28SYgVxLN3ePDjg7hofEft2zWlehFL3LiAuapWc4U/kYwMYJSh2hTCPZ6/LIC7ii0MA==",
      "license": "BSD-3-Clause",
      "dependencies": {
        "@lit/reactive-element": "^1.6.0",
        "lit-element": "^3.3.0",
        "lit-html": "^2.8.0"
      }
    },
    "node_modules/lit-element": {
      "version": "3.3.3",
      "resolved": "https://registry.npmjs.org/lit-element/-/lit-element-3.3.3.tgz",
      "integrity": "sha512-XbeRxmTHubXENkV4h8RIPyr8lXc+Ff28rkcQzw3G6up2xg5E8Zu1IgOWIwBLEQsu3cOVFqdYwiVi0hv0SlpqUA==",
      "license": "BSD-3-Clause",
      "dependencies": {
        "@lit-labs/ssr-dom-shim": "^1.1.0",
        "@lit/reactive-element": "^1.3.0",
        "lit-html": "^2.8.0"
      }
    },
    "node_modules/lit-html": {
      "version": "2.8.0",
      "resolved": "https://registry.npmjs.org/lit-html/-/lit-html-2.8.0.tgz",
      "integrity": "sha512-o9t+MQM3P4y7M7yNzqAyjp7z+mQGa4NS4CxiyLqFPyFWyc4O+nodLrkrxSaCTrla6M5YOLaT3RpbbqjszB5g3Q==",
      "license": "BSD-3-Clause",
      "dependencies": {
        "@types/trusted-types": "^2.0.2"
      }
    },
    "node_modules/lodash-es": {
      "version": "4.17.21",
      "resolved": "https://registry.npmjs.org/lodash-es/-/lodash-es-4.17.21.tgz",
      "integrity": "sha512-mKnC+QJ9pWVzv+C4/U3rRsHapFfHvQFoFB92e52xeyGMcX6/OlIl78je1u8vePzYZSkkogMPJ2yjxxsb89cxyw==",
      "license": "MIT"
    },
    "node_modules/regenerator-runtime": {
      "version": "0.14.1",
      "resolved": "https://registry.npmjs.org/regenerator-runtime/-/regenerator-runtime-0.14.1.tgz",
      "integrity": "sha512-dYnhHh0nJoMfnkZs6GmmhFknAGRrLznOu5nc9ML+EJxGvrx6H7teuevqVqCuPcPK//3eDrrjQhehXVx9cnkGdw==",
      "license": "MIT"
    },
    "node_modules/simple-swizzle": {
      "version": "0.2.2",
      "resolved": "https://registry.npmjs.org/simple-swizzle/-/simple-swizzle-0.2.2.tgz",
      "integrity": "sha512-JA//kQgZtbuY83m+xT+tXJkmJncGMTFT+C+g2h2R9uxkYIrE2yy9sgmcLhCnw57/WSD+Eh3J97FPEDFnbXnDUg==",
      "license": "MIT",
      "dependencies": {
        "is-arrayish": "^0.3.1"
      }
    }
  }
}
